
Microsoft Visual Studio Solution File, Format Version 12.00
# Visual Studio Version 16
VisualStudioVersion = 16.0.32407.337
MinimumVisualStudioVersion = 10.0.40219.1
Project("{FAE04EC0-301F-11D3-BF4B-00C04F79EFBC}") = "WindowsTaskbarHelpers_Explorer", "Source\WindowsTaskbarHelpers_Explorer\WindowsTaskbarHelpers_Explorer.csproj", "{50B9247D-075B-41DD-81C0-B13D3F570B36}"
EndProject
Project("{FAE04EC0-301F-11D3-BF4B-00C04F79EFBC}") = "WindowsTaskbarHelpers_Notepad", "Source\WindowsTaskBarHelpers_Notepad\WindowsTaskbarHelpers_Notepad.csproj", "{36E62864-DE27-4BFA-9FB3-388D408C6062}"
EndProject
Project("{2150E333-8FDC-42A3-9474-1A3956D46DE8}") = "Source", "Source", "{A923F7C1-860F-437E-A83D-250CC5F9DFCD}"
	ProjectSection(SolutionItems) = preProject
		Source\README.md = Source\README.md
	EndProjectSection
EndProject
Global
	GlobalSection(SolutionConfigurationPlatforms) = preSolution
		Debug|Any CPU = Debug|Any CPU
		Release|Any CPU = Release|Any CPU
	EndGlobalSection
	GlobalSection(ProjectConfigurationPlatforms) = postSolution
		{50B9247D-075B-41DD-81C0-B13D3F570B36}.Debug|Any CPU.ActiveCfg = Debug|Any CPU
		{50B9247D-075B-41DD-81C0-B13D3F570B36}.Debug|Any CPU.Build.0 = Debug|Any CPU
		{50B9247D-075B-41DD-81C0-B13D3F570B36}.Release|Any CPU.ActiveCfg = Release|Any CPU
		{50B9247D-075B-41DD-81C0-B13D3F570B36}.Release|Any CPU.Build.0 = Release|Any CPU
		{36E62864-DE27-4BFA-9FB3-388D408C6062}.Debug|Any CPU.ActiveCfg = Debug|Any CPU
		{36E62864-DE27-4BFA-9FB3-388D408C6062}.Debug|Any CPU.Build.0 = Debug|Any CPU
		{36E62864-DE27-4BFA-9FB3-388D408C6062}.Release|Any CPU.ActiveCfg = Release|Any CPU
		{36E62864-DE27-4BFA-9FB3-388D408C6062}.Release|Any CPU.Build.0 = Release|Any CPU
	EndGlobalSection
	GlobalSection(SolutionProperties) = preSolution
		HideSolutionNode = FALSE
	EndGlobalSection
	GlobalSection(ExtensibilityGlobals) = postSolution
		SolutionGuid = {A8E61379-C659-4225-B0A8-68230ABD1433}
	EndGlobalSection
EndGlobal
